
Microsoft Visual Studio Solution File, Format Version 12.00
# Visual Studio 15
Project("{FAE04EC0-301F-11D3-BF4B-00C04F79EFBC}") = "Assembly-CSharp", "Assembly-CSharp.csproj", "{59E00D93-200D-AE19-A9EE-10779A7F3F0A}"
EndProject
Project("{FAE04EC0-301F-11D3-BF4B-00C04F79EFBC}") = "SuperTiled2Unity", "SuperTiled2Unity.csproj", "{AA83D8E2-8816-4464-9053-EAA809DECC21}"
EndProject
Project("{FAE04EC0-301F-11D3-BF4B-00C04F79EFBC}") = "SuperTiled2UnityEditor", "SuperTiled2UnityEditor.csproj", "{54652900-CF9E-252B-9E96-15BDD950ECBA}"
EndProject
Global
	GlobalSection(SolutionConfigurationPlatforms) = preSolution
		Debug|Any CPU = Debug|Any CPU
		Release|Any CPU = Release|Any CPU
	EndGlobalSection
	GlobalSection(ProjectConfigurationPlatforms) = postSolution
		{59E00D93-200D-AE19-A9EE-10779A7F3F0A}.Debug|Any CPU.ActiveCfg = Debug|Any CPU
		{59E00D93-200D-AE19-A9EE-10779A7F3F0A}.Debug|Any CPU.Build.0 = Debug|Any CPU
		{59E00D93-200D-AE19-A9EE-10779A7F3F0A}.Release|Any CPU.ActiveCfg = Release|Any CPU
		{59E00D93-200D-AE19-A9EE-10779A7F3F0A}.Release|Any CPU.Build.0 = Release|Any CPU
		{AA83D8E2-8816-4464-9053-EAA809DECC21}.Debug|Any CPU.ActiveCfg = Debug|Any CPU
		{AA83D8E2-8816-4464-9053-EAA809DECC21}.Debug|Any CPU.Build.0 = Debug|Any CPU
		{AA83D8E2-8816-4464-9053-EAA809DECC21}.Release|Any CPU.ActiveCfg = Release|Any CPU
		{AA83D8E2-8816-4464-9053-EAA809DECC21}.Release|Any CPU.Build.0 = Release|Any CPU
		{54652900-CF9E-252B-9E96-15BDD950ECBA}.Debug|Any CPU.ActiveCfg = Debug|Any CPU
		{54652900-CF9E-252B-9E96-15BDD950ECBA}.Debug|Any CPU.Build.0 = Debug|Any CPU
		{54652900-CF9E-252B-9E96-15BDD950ECBA}.Release|Any CPU.ActiveCfg = Release|Any CPU
		{54652900-CF9E-252B-9E96-15BDD950ECBA}.Release|Any CPU.Build.0 = Release|Any CPU
	EndGlobalSection
	GlobalSection(SolutionProperties) = preSolution
		HideSolutionNode = FALSE
	EndGlobalSection
EndGlobal
