
Microsoft Visual Studio Solution File, Format Version 12.00
# Visual Studio 15
Project("{FAE04EC0-301F-11D3-BF4B-00C04F79EFBC}") = "Assembly-CSharp", "Assembly-CSharp.csproj", "{DA7D1210-EED4-D983-4504-C3307B0A9EC1}"
EndProject
Project("{FAE04EC0-301F-11D3-BF4B-00C04F79EFBC}") = "SuperTiled2Unity", "SuperTiled2Unity.csproj", "{15196281-2BE5-4647-6B6A-5935269C06E4}"
EndProject
Project("{FAE04EC0-301F-11D3-BF4B-00C04F79EFBC}") = "SuperTiled2UnityEditor", "SuperTiled2UnityEditor.csproj", "{356F0928-4492-83C6-7FA4-0ECA2E5AB1CD}"
EndProject
Global
	GlobalSection(SolutionConfigurationPlatforms) = preSolution
		Debug|Any CPU = Debug|Any CPU
		Release|Any CPU = Release|Any CPU
	EndGlobalSection
	GlobalSection(ProjectConfigurationPlatforms) = postSolution
		{DA7D1210-EED4-D983-4504-C3307B0A9EC1}.Debug|Any CPU.ActiveCfg = Debug|Any CPU
		{DA7D1210-EED4-D983-4504-C3307B0A9EC1}.Debug|Any CPU.Build.0 = Debug|Any CPU
		{DA7D1210-EED4-D983-4504-C3307B0A9EC1}.Release|Any CPU.ActiveCfg = Release|Any CPU
		{DA7D1210-EED4-D983-4504-C3307B0A9EC1}.Release|Any CPU.Build.0 = Release|Any CPU
		{15196281-2BE5-4647-6B6A-5935269C06E4}.Debug|Any CPU.ActiveCfg = Debug|Any CPU
		{15196281-2BE5-4647-6B6A-5935269C06E4}.Debug|Any CPU.Build.0 = Debug|Any CPU
		{15196281-2BE5-4647-6B6A-5935269C06E4}.Release|Any CPU.ActiveCfg = Release|Any CPU
		{15196281-2BE5-4647-6B6A-5935269C06E4}.Release|Any CPU.Build.0 = Release|Any CPU
		{356F0928-4492-83C6-7FA4-0ECA2E5AB1CD}.Debug|Any CPU.ActiveCfg = Debug|Any CPU
		{356F0928-4492-83C6-7FA4-0ECA2E5AB1CD}.Debug|Any CPU.Build.0 = Debug|Any CPU
		{356F0928-4492-83C6-7FA4-0ECA2E5AB1CD}.Release|Any CPU.ActiveCfg = Release|Any CPU
		{356F0928-4492-83C6-7FA4-0ECA2E5AB1CD}.Release|Any CPU.Build.0 = Release|Any CPU
	EndGlobalSection
	GlobalSection(SolutionProperties) = preSolution
		HideSolutionNode = FALSE
	EndGlobalSection
EndGlobal
